
Microsoft Visual Studio Solution File, Format Version 12.00
# Visual Studio Version 17
VisualStudioVersion = 17.3.32901.215
MinimumVisualStudioVersion = 10.0.40219.1
Project("{FAE04EC0-301F-11D3-BF4B-00C04F79EFBC}") = "DBMS", "DBMS.csproj", "{F04B1FD5-AB9B-41DE-B551-CD3D9E2A5FD9}"
EndProject
Global
	GlobalSection(SolutionConfigurationPlatforms) = preSolution
		Debug|Any CPU = Debug|Any CPU
		Release|Any CPU = Release|Any CPU
	EndGlobalSection
	GlobalSection(ProjectConfigurationPlatforms) = postSolution
		{F04B1FD5-AB9B-41DE-B551-CD3D9E2A5FD9}.Debug|Any CPU.ActiveCfg = Debug|Any CPU
		{F04B1FD5-AB9B-41DE-B551-CD3D9E2A5FD9}.Debug|Any CPU.Build.0 = Debug|Any CPU
		{F04B1FD5-AB9B-41DE-B551-CD3D9E2A5FD9}.Release|Any CPU.ActiveCfg = Release|Any CPU
		{F04B1FD5-AB9B-41DE-B551-CD3D9E2A5FD9}.Release|Any CPU.Build.0 = Release|Any CPU
	EndGlobalSection
	GlobalSection(SolutionProperties) = preSolution
		HideSolutionNode = FALSE
	EndGlobalSection
	GlobalSection(ExtensibilityGlobals) = postSolution
		SolutionGuid = {08ADC06E-59F9-4BA1-B7BD-06CBD21353D0}
	EndGlobalSection
EndGlobal
